
Microsoft Visual Studio Solution File, Format Version 12.00
# Visual Studio Version 16
VisualStudioVersion = 16.0.30907.101
MinimumVisualStudioVersion = 10.0.40219.1
Project("{8BC9CEB8-8B4A-11D0-8D11-00A0C91BC942}") = "Kpp", "Kpp\Kpp.vcxproj", "{8171FCCB-CF70-4382-896B-53B70E04D576}"
EndProject
Global
	GlobalSection(SolutionConfigurationPlatforms) = preSolution
		Debug|x64 = Debug|x64
		Release|x64 = Release|x64
	EndGlobalSection
	GlobalSection(ProjectConfigurationPlatforms) = postSolution
		{8171FCCB-CF70-4382-896B-53B70E04D576}.Debug|x64.ActiveCfg = Debug|x64
		{8171FCCB-CF70-4382-896B-53B70E04D576}.Debug|x64.Build.0 = Debug|x64
		{8171FCCB-CF70-4382-896B-53B70E04D576}.Release|x64.ActiveCfg = Release|x64
		{8171FCCB-CF70-4382-896B-53B70E04D576}.Release|x64.Build.0 = Release|x64
	EndGlobalSection
	GlobalSection(SolutionProperties) = preSolution
		HideSolutionNode = FALSE
	EndGlobalSection
	GlobalSection(ExtensibilityGlobals) = postSolution
		SolutionGuid = {B7D0EB15-7617-41E0-BB93-34FA4692AD75}
	EndGlobalSection
EndGlobal
