<?xml version="1.0" encoding="utf-8"?>
<Project ToolsVersion="4.0" xmlns="http://schemas.microsoft.com/developer/msbuild/2003">
  <ItemGroup>
    <Filter Include="ssa">
      <UniqueIdentifier>{13878298-762b-49d4-b0b5-d95afa91d411}</UniqueIdentifier>
    </Filter>
    <Filter Include="ir">
      <UniqueIdentifier>{d46cfb16-1f30-427b-9fda-4074f64aa48d}</UniqueIdentifier>
    </Filter>
    <Filter Include="parser">
      <UniqueIdentifier>{a21540c6-8ee5-4b81-81fb-4649ce27d860}</UniqueIdentifier>
    </Filter>
    <Filter Include="lexer">
      <UniqueIdentifier>{70cf4b01-2767-4b79-8dbe-8be4db9deea1}</UniqueIdentifier>
    </Filter>
    <Filter Include="semantic">
      <UniqueIdentifier>{e211f5b9-091e-4723-aa46-1fb054a78644}</UniqueIdentifier>
    </Filter>
    <Filter Include="ast">
      <UniqueIdentifier>{8dc34c2f-78d8-4afe-90ca-7e205a460b22}</UniqueIdentifier>
    </Filter>
    <Filter Include="reg_alloc">
      <UniqueIdentifier>{70b48bb7-ee9a-432c-bd95-c7dfe5ffca0b}</UniqueIdentifier>
    </Filter>
    <Filter Include="debug">
      <UniqueIdentifier>{3a4da8f6-5c9e-4f0c-8ec0-f5cd6cd206aa}</UniqueIdentifier>
    </Filter>
    <Filter Include="utils">
      <UniqueIdentifier>{284ac6f6-5023-464e-8209-528094f5ccf7}</UniqueIdentifier>
    </Filter>
    <Filter Include="graph_viz">
      <UniqueIdentifier>{65eb5e69-4df4-4c7c-bf7e-9d7077e0770a}</UniqueIdentifier>
    </Filter>
    <Filter Include="configs">
      <UniqueIdentifier>{04bbc535-d07e-4ce7-b3c2-b137827606ce}</UniqueIdentifier>
    </Filter>
    <Filter Include="asm">
      <UniqueIdentifier>{101199d7-f2dd-4eec-9b78-26803fe83826}</UniqueIdentifier>
    </Filter>
    <Filter Include="dom_tree">
      <UniqueIdentifier>{cda88a0f-ce40-4e78-8da9-4a97cf5a5396}</UniqueIdentifier>
    </Filter>
    <Filter Include="asm\x64">
      <UniqueIdentifier>{f33984e4-4b06-4b61-ad31-4113db08d22b}</UniqueIdentifier>
    </Filter>
  </ItemGroup>
  <ItemGroup>
    <ClCompile Include="main.cpp" />
    <ClCompile Include="ast\ast.cpp">
      <Filter>ast</Filter>
    </ClCompile>
    <ClCompile Include="configs\configs.cpp">
      <Filter>configs</Filter>
    </ClCompile>
    <ClCompile Include="debug\err_handler.cpp">
      <Filter>debug</Filter>
    </ClCompile>
    <ClCompile Include="graph_viz\gv.cpp">
      <Filter>graph_viz</Filter>
    </ClCompile>
    <ClCompile Include="ir\ir.cpp">
      <Filter>ir</Filter>
    </ClCompile>
    <ClCompile Include="lexer\lexer.cpp">
      <Filter>lexer</Filter>
    </ClCompile>
    <ClCompile Include="dom_tree\dom_tree.cpp">
      <Filter>dom_tree</Filter>
    </ClCompile>
    <ClCompile Include="parser\parser.cpp">
      <Filter>parser</Filter>
    </ClCompile>
    <ClCompile Include="reg_alloc\reg_alloc.cpp">
      <Filter>reg_alloc</Filter>
    </ClCompile>
    <ClCompile Include="semantic\semantic.cpp">
      <Filter>semantic</Filter>
    </ClCompile>
    <ClCompile Include="ssa\ssa.cpp">
      <Filter>ssa</Filter>
    </ClCompile>
    <ClCompile Include="asm\asm.cpp">
      <Filter>asm</Filter>
    </ClCompile>
    <ClCompile Include="asm\x64\registers.cpp">
      <Filter>asm\x64</Filter>
    </ClCompile>
    <ClCompile Include="asm\x64\x64.cpp">
      <Filter>asm\x64</Filter>
    </ClCompile>
  </ItemGroup>
  <ItemGroup>
    <ClInclude Include="defs.h" />
    <ClInclude Include="ast\ast.h">
      <Filter>ast</Filter>
    </ClInclude>
    <ClInclude Include="configs\configs.h">
      <Filter>configs</Filter>
    </ClInclude>
    <ClInclude Include="debug\debug.h">
      <Filter>debug</Filter>
    </ClInclude>
    <ClInclude Include="debug\err_handler.h">
      <Filter>debug</Filter>
    </ClInclude>
    <ClInclude Include="graph_viz\gv.h">
      <Filter>graph_viz</Filter>
    </ClInclude>
    <ClInclude Include="ir\ir.h">
      <Filter>ir</Filter>
    </ClInclude>
    <ClInclude Include="lexer\lexer.h">
      <Filter>lexer</Filter>
    </ClInclude>
    <ClInclude Include="dom_tree\dom_tree.h">
      <Filter>dom_tree</Filter>
    </ClInclude>
    <ClInclude Include="parser\parser.h">
      <Filter>parser</Filter>
    </ClInclude>
    <ClInclude Include="reg_alloc\reg_alloc.h">
      <Filter>reg_alloc</Filter>
    </ClInclude>
    <ClInclude Include="semantic\semantic.h">
      <Filter>semantic</Filter>
    </ClInclude>
    <ClInclude Include="ssa\ssa.h">
      <Filter>ssa</Filter>
    </ClInclude>
    <ClInclude Include="utils\rtti.h">
      <Filter>utils</Filter>
    </ClInclude>
    <ClInclude Include="utils\utils.h">
      <Filter>utils</Filter>
    </ClInclude>
    <ClInclude Include="asm.h" />
    <ClInclude Include="asm\asm.h">
      <Filter>asm</Filter>
    </ClInclude>
    <ClInclude Include="asm\x64\registers.h">
      <Filter>asm\x64</Filter>
    </ClInclude>
    <ClInclude Include="asm\x64\x64.h">
      <Filter>asm\x64</Filter>
    </ClInclude>
  </ItemGroup>
</Project>